# This file is automatically @generated by Cargo.
# It is not intended for manual editing.
version = 4

[[package]]
name = "ataqu-admin"
version = "0.1.0"

[[package]]
name = "ataqu-api"
version = "0.1.0"

[[package]]
name = "ataqu-application"
version = "0.1.0"

[[package]]
name = "ataqu-bin"
version = "0.1.0"

[[package]]
name = "ataqu-contracts"
version = "0.1.0"

[[package]]
name = "ataqu-domain-aegis"
version = "0.1.0"

[[package]]
name = "ataqu-domain-billing"
version = "0.1.0"

[[package]]
name = "ataqu-domain-cinq"
version = "0.1.0"

[[package]]
name = "ataqu-domain-dial"
version = "0.1.0"

[[package]]
name = "ataqu-domain-gdpr"
version = "0.1.0"

[[package]]
name = "ataqu-domain-pause"
version = "0.1.0"

[[package]]
name = "ataqu-domain-pivot"
version = "0.1.0"

[[package]]
name = "ataqu-domain-sond"
version = "0.1.0"

[[package]]
name = "ataqu-domain-spark"
version = "0.1.0"

[[package]]
name = "ataqu-domain-tempo"
version = "0.1.0"

[[package]]
name = "ataqu-domain-vault"
version = "0.1.0"

[[package]]
name = "ataqu-domain-vista"
version = "0.1.0"

[[package]]
name = "ataqu-infra-cron"
version = "0.1.0"

[[package]]
name = "ataqu-infra-idempotency"
version = "0.1.0"

[[package]]
name = "ataqu-infra-migration"
version = "0.1.0"

[[package]]
name = "ataqu-infra-outbox"
version = "0.1.0"

[[package]]
name = "ataqu-infra-pools"
version = "0.1.0"

[[package]]
name = "ataqu-infra-repositories"
version = "0.1.0"

[[package]]
name = "ataqu-infra-sagas"
version = "0.1.0"

[[package]]
name = "ataqu-infra-storage"
version = "0.1.0"

[[package]]
name = "ataqu-kernel"
version = "0.1.0"

[[package]]
name = "ataqu-security"
version = "0.1.0"
